# THIS IS AN AUTOGENERATED FILE. DO NOT EDIT THIS FILE DIRECTLY.
# yarn lockfile v1


gsap@^3.9.1:
  version "3.9.1"
  resolved "https://registry.yarnpkg.com/gsap/-/gsap-3.9.1.tgz#d4c7443540497afee9ddc0824fd0180224e33360"
  integrity sha512-JSGVYoC6da4pIjdF/yxFU6Rz8OojOIDkbooveZlfNg0+JIoFoRruyfWAEi6R/gUeNcuOiTqUIb0gi1nCNrHf8w==
